
Microsoft Visual Studio Solution File, Format Version 12.00
# Visual Studio 15
VisualStudioVersion = 15.0.28010.2050
MinimumVisualStudioVersion = 10.0.40219.1
Project("{8BC9CEB8-8B4A-11D0-8D11-00A0C91BC942}") = "IOCP", "IOCP\IOCP.vcxproj", "{56C45466-FD0C-4A56-9815-D1E39D8DE635}"
EndProject
Global
	GlobalSection(SolutionConfigurationPlatforms) = preSolution
		Debug|x64 = Debug|x64
		Debug|x86 = Debug|x86
		Release|x64 = Release|x64
		Release|x86 = Release|x86
	EndGlobalSection
	GlobalSection(ProjectConfigurationPlatforms) = postSolution
		{56C45466-FD0C-4A56-9815-D1E39D8DE635}.Debug|x64.ActiveCfg = Debug|x64
		{56C45466-FD0C-4A56-9815-D1E39D8DE635}.Debug|x64.Build.0 = Debug|x64
		{56C45466-FD0C-4A56-9815-D1E39D8DE635}.Debug|x86.ActiveCfg = Debug|Win32
		{56C45466-FD0C-4A56-9815-D1E39D8DE635}.Debug|x86.Build.0 = Debug|Win32
		{56C45466-FD0C-4A56-9815-D1E39D8DE635}.Release|x64.ActiveCfg = Release|x64
		{56C45466-FD0C-4A56-9815-D1E39D8DE635}.Release|x64.Build.0 = Release|x64
		{56C45466-FD0C-4A56-9815-D1E39D8DE635}.Release|x86.ActiveCfg = Release|Win32
		{56C45466-FD0C-4A56-9815-D1E39D8DE635}.Release|x86.Build.0 = Release|Win32
	EndGlobalSection
	GlobalSection(SolutionProperties) = preSolution
		HideSolutionNode = FALSE
	EndGlobalSection
	GlobalSection(ExtensibilityGlobals) = postSolution
		SolutionGuid = {D2EE5491-C700-4AB1-A731-3E14A7522402}
	EndGlobalSection
EndGlobal
